
Microsoft Visual Studio Solution File, Format Version 12.00
# Visual Studio 14
VisualStudioVersion = 14.0.25123.0
MinimumVisualStudioVersion = 10.0.40219.1
Project("{FAE04EC0-301F-11D3-BF4B-00C04F79EFBC}") = "AniSearch_App.Droid", "AniSearch_App\AniSearch_App.Droid\AniSearch_App.Droid.csproj", "{D1DDDF71-B655-40C5-B5F7-901D2A4F25DC}"
EndProject
Project("{FAE04EC0-301F-11D3-BF4B-00C04F79EFBC}") = "AniSearch_App.iOS", "AniSearch_App\AniSearch_App.iOS\AniSearch_App.iOS.csproj", "{A3B1D75B-0972-42C9-AFA8-9AF25CB07572}"
EndProject
Project("{FAE04EC0-301F-11D3-BF4B-00C04F79EFBC}") = "AniSearch_App.WinPhone", "AniSearch_App\AniSearch_App.WinPhone\AniSearch_App.WinPhone.csproj", "{5D73BB08-5043-4747-87D7-FF44296F8C28}"
EndProject
Project("{FAE04EC0-301F-11D3-BF4B-00C04F79EFBC}") = "AniSearch_App", "AniSearch_App\AniSearch_App\AniSearch_App.csproj", "{17D128C7-C813-4FE5-BC0E-B1F6CBB4969F}"
EndProject
Project("{FAE04EC0-301F-11D3-BF4B-00C04F79EFBC}") = "AniSearch_App.Console", "AniSearch_App\AniSearch_App.Console\AniSearch_App.Console.csproj", "{24C0E7E9-46E1-4633-9412-A83E578539D5}"
EndProject
Global
	GlobalSection(SolutionConfigurationPlatforms) = preSolution
		AppStore|Any CPU = AppStore|Any CPU
		AppStore|ARM = AppStore|ARM
		AppStore|iPhone = AppStore|iPhone
		AppStore|iPhoneSimulator = AppStore|iPhoneSimulator
		AppStore|x86 = AppStore|x86
		Debug|Any CPU = Debug|Any CPU
		Debug|ARM = Debug|ARM
		Debug|iPhone = Debug|iPhone
		Debug|iPhoneSimulator = Debug|iPhoneSimulator
		Debug|x86 = Debug|x86
		Release|Any CPU = Release|Any CPU
		Release|ARM = Release|ARM
		Release|iPhone = Release|iPhone
		Release|iPhoneSimulator = Release|iPhoneSimulator
		Release|x86 = Release|x86
	EndGlobalSection
	GlobalSection(ProjectConfigurationPlatforms) = postSolution
		{D1DDDF71-B655-40C5-B5F7-901D2A4F25DC}.AppStore|Any CPU.ActiveCfg = Release|Any CPU
		{D1DDDF71-B655-40C5-B5F7-901D2A4F25DC}.AppStore|Any CPU.Build.0 = Release|Any CPU
		{D1DDDF71-B655-40C5-B5F7-901D2A4F25DC}.AppStore|Any CPU.Deploy.0 = Release|Any CPU
		{D1DDDF71-B655-40C5-B5F7-901D2A4F25DC}.AppStore|ARM.ActiveCfg = Release|Any CPU
		{D1DDDF71-B655-40C5-B5F7-901D2A4F25DC}.AppStore|ARM.Build.0 = Release|Any CPU
		{D1DDDF71-B655-40C5-B5F7-901D2A4F25DC}.AppStore|ARM.Deploy.0 = Release|Any CPU
		{D1DDDF71-B655-40C5-B5F7-901D2A4F25DC}.AppStore|iPhone.ActiveCfg = Release|Any CPU
		{D1DDDF71-B655-40C5-B5F7-901D2A4F25DC}.AppStore|iPhone.Build.0 = Release|Any CPU
		{D1DDDF71-B655-40C5-B5F7-901D2A4F25DC}.AppStore|iPhone.Deploy.0 = Release|Any CPU
		{D1DDDF71-B655-40C5-B5F7-901D2A4F25DC}.AppStore|iPhoneSimulator.ActiveCfg = Release|Any CPU
		{D1DDDF71-B655-40C5-B5F7-901D2A4F25DC}.AppStore|iPhoneSimulator.Build.0 = Release|Any CPU
		{D1DDDF71-B655-40C5-B5F7-901D2A4F25DC}.AppStore|iPhoneSimulator.Deploy.0 = Release|Any CPU
		{D1DDDF71-B655-40C5-B5F7-901D2A4F25DC}.AppStore|x86.ActiveCfg = Release|Any CPU
		{D1DDDF71-B655-40C5-B5F7-901D2A4F25DC}.AppStore|x86.Build.0 = Release|Any CPU
		{D1DDDF71-B655-40C5-B5F7-901D2A4F25DC}.AppStore|x86.Deploy.0 = Release|Any CPU
		{D1DDDF71-B655-40C5-B5F7-901D2A4F25DC}.Debug|Any CPU.ActiveCfg = Debug|Any CPU
		{D1DDDF71-B655-40C5-B5F7-901D2A4F25DC}.Debug|Any CPU.Build.0 = Debug|Any CPU
		{D1DDDF71-B655-40C5-B5F7-901D2A4F25DC}.Debug|Any CPU.Deploy.0 = Debug|Any CPU
		{D1DDDF71-B655-40C5-B5F7-901D2A4F25DC}.Debug|ARM.ActiveCfg = Debug|Any CPU
		{D1DDDF71-B655-40C5-B5F7-901D2A4F25DC}.Debug|ARM.Build.0 = Debug|Any CPU
		{D1DDDF71-B655-40C5-B5F7-901D2A4F25DC}.Debug|ARM.Deploy.0 = Debug|Any CPU
		{D1DDDF71-B655-40C5-B5F7-901D2A4F25DC}.Debug|iPhone.ActiveCfg = Debug|Any CPU
		{D1DDDF71-B655-40C5-B5F7-901D2A4F25DC}.Debug|iPhone.Build.0 = Debug|Any CPU
		{D1DDDF71-B655-40C5-B5F7-901D2A4F25DC}.Debug|iPhone.Deploy.0 = Debug|Any CPU
		{D1DDDF71-B655-40C5-B5F7-901D2A4F25DC}.Debug|iPhoneSimulator.ActiveCfg = Debug|Any CPU
		{D1DDDF71-B655-40C5-B5F7-901D2A4F25DC}.Debug|iPhoneSimulator.Build.0 = Debug|Any CPU
		{D1DDDF71-B655-40C5-B5F7-901D2A4F25DC}.Debug|iPhoneSimulator.Deploy.0 = Debug|Any CPU
		{D1DDDF71-B655-40C5-B5F7-901D2A4F25DC}.Debug|x86.ActiveCfg = Debug|Any CPU
		{D1DDDF71-B655-40C5-B5F7-901D2A4F25DC}.Debug|x86.Build.0 = Debug|Any CPU
		{D1DDDF71-B655-40C5-B5F7-901D2A4F25DC}.Debug|x86.Deploy.0 = Debug|Any CPU
		{D1DDDF71-B655-40C5-B5F7-901D2A4F25DC}.Release|Any CPU.ActiveCfg = Release|Any CPU
		{D1DDDF71-B655-40C5-B5F7-901D2A4F25DC}.Release|Any CPU.Build.0 = Release|Any CPU
		{D1DDDF71-B655-40C5-B5F7-901D2A4F25DC}.Release|Any CPU.Deploy.0 = Release|Any CPU
		{D1DDDF71-B655-40C5-B5F7-901D2A4F25DC}.Release|ARM.ActiveCfg = Release|Any CPU
		{D1DDDF71-B655-40C5-B5F7-901D2A4F25DC}.Release|ARM.Build.0 = Release|Any CPU
		{D1DDDF71-B655-40C5-B5F7-901D2A4F25DC}.Release|ARM.Deploy.0 = Release|Any CPU
		{D1DDDF71-B655-40C5-B5F7-901D2A4F25DC}.Release|iPhone.ActiveCfg = Release|Any CPU
		{D1DDDF71-B655-40C5-B5F7-901D2A4F25DC}.Release|iPhone.Build.0 = Release|Any CPU
		{D1DDDF71-B655-40C5-B5F7-901D2A4F25DC}.Release|iPhone.Deploy.0 = Release|Any CPU
		{D1DDDF71-B655-40C5-B5F7-901D2A4F25DC}.Release|iPhoneSimulator.ActiveCfg = Release|Any CPU
		{D1DDDF71-B655-40C5-B5F7-901D2A4F25DC}.Release|iPhoneSimulator.Build.0 = Release|Any CPU
		{D1DDDF71-B655-40C5-B5F7-901D2A4F25DC}.Release|iPhoneSimulator.Deploy.0 = Release|Any CPU
		{D1DDDF71-B655-40C5-B5F7-901D2A4F25DC}.Release|x86.ActiveCfg = Release|Any CPU
		{D1DDDF71-B655-40C5-B5F7-901D2A4F25DC}.Release|x86.Build.0 = Release|Any CPU
		{D1DDDF71-B655-40C5-B5F7-901D2A4F25DC}.Release|x86.Deploy.0 = Release|Any CPU
		{A3B1D75B-0972-42C9-AFA8-9AF25CB07572}.AppStore|Any CPU.ActiveCfg = AppStore|iPhone
		{A3B1D75B-0972-42C9-AFA8-9AF25CB07572}.AppStore|ARM.ActiveCfg = AppStore|iPhone
		{A3B1D75B-0972-42C9-AFA8-9AF25CB07572}.AppStore|iPhone.ActiveCfg = AppStore|iPhone
		{A3B1D75B-0972-42C9-AFA8-9AF25CB07572}.AppStore|iPhone.Build.0 = AppStore|iPhone
		{A3B1D75B-0972-42C9-AFA8-9AF25CB07572}.AppStore|iPhoneSimulator.ActiveCfg = AppStore|iPhoneSimulator
		{A3B1D75B-0972-42C9-AFA8-9AF25CB07572}.AppStore|iPhoneSimulator.Build.0 = AppStore|iPhoneSimulator
		{A3B1D75B-0972-42C9-AFA8-9AF25CB07572}.AppStore|x86.ActiveCfg = AppStore|iPhone
		{A3B1D75B-0972-42C9-AFA8-9AF25CB07572}.Debug|Any CPU.ActiveCfg = Debug|iPhone
		{A3B1D75B-0972-42C9-AFA8-9AF25CB07572}.Debug|ARM.ActiveCfg = Debug|iPhone
		{A3B1D75B-0972-42C9-AFA8-9AF25CB07572}.Debug|iPhone.ActiveCfg = Debug|iPhone
		{A3B1D75B-0972-42C9-AFA8-9AF25CB07572}.Debug|iPhone.Build.0 = Debug|iPhone
		{A3B1D75B-0972-42C9-AFA8-9AF25CB07572}.Debug|iPhoneSimulator.ActiveCfg = Debug|iPhoneSimulator
		{A3B1D75B-0972-42C9-AFA8-9AF25CB07572}.Debug|iPhoneSimulator.Build.0 = Debug|iPhoneSimulator
		{A3B1D75B-0972-42C9-AFA8-9AF25CB07572}.Debug|x86.ActiveCfg = Debug|iPhone
		{A3B1D75B-0972-42C9-AFA8-9AF25CB07572}.Release|Any CPU.ActiveCfg = Release|iPhone
		{A3B1D75B-0972-42C9-AFA8-9AF25CB07572}.Release|ARM.ActiveCfg = Release|iPhone
		{A3B1D75B-0972-42C9-AFA8-9AF25CB07572}.Release|iPhone.ActiveCfg = Release|iPhone
		{A3B1D75B-0972-42C9-AFA8-9AF25CB07572}.Release|iPhone.Build.0 = Release|iPhone
		{A3B1D75B-0972-42C9-AFA8-9AF25CB07572}.Release|iPhoneSimulator.ActiveCfg = Release|iPhoneSimulator
		{A3B1D75B-0972-42C9-AFA8-9AF25CB07572}.Release|iPhoneSimulator.Build.0 = Release|iPhoneSimulator
		{A3B1D75B-0972-42C9-AFA8-9AF25CB07572}.Release|x86.ActiveCfg = Release|iPhone
		{5D73BB08-5043-4747-87D7-FF44296F8C28}.AppStore|Any CPU.ActiveCfg = Release|Any CPU
		{5D73BB08-5043-4747-87D7-FF44296F8C28}.AppStore|Any CPU.Build.0 = Release|Any CPU
		{5D73BB08-5043-4747-87D7-FF44296F8C28}.AppStore|Any CPU.Deploy.0 = Release|Any CPU
		{5D73BB08-5043-4747-87D7-FF44296F8C28}.AppStore|ARM.ActiveCfg = Release|ARM
		{5D73BB08-5043-4747-87D7-FF44296F8C28}.AppStore|ARM.Build.0 = Release|ARM
		{5D73BB08-5043-4747-87D7-FF44296F8C28}.AppStore|ARM.Deploy.0 = Release|ARM
		{5D73BB08-5043-4747-87D7-FF44296F8C28}.AppStore|iPhone.ActiveCfg = Release|Any CPU
		{5D73BB08-5043-4747-87D7-FF44296F8C28}.AppStore|iPhone.Build.0 = Release|Any CPU
		{5D73BB08-5043-4747-87D7-FF44296F8C28}.AppStore|iPhone.Deploy.0 = Release|Any CPU
		{5D73BB08-5043-4747-87D7-FF44296F8C28}.AppStore|iPhoneSimulator.ActiveCfg = Release|Any CPU
		{5D73BB08-5043-4747-87D7-FF44296F8C28}.AppStore|iPhoneSimulator.Build.0 = Release|Any CPU
		{5D73BB08-5043-4747-87D7-FF44296F8C28}.AppStore|iPhoneSimulator.Deploy.0 = Release|Any CPU
		{5D73BB08-5043-4747-87D7-FF44296F8C28}.AppStore|x86.ActiveCfg = Release|x86
		{5D73BB08-5043-4747-87D7-FF44296F8C28}.AppStore|x86.Build.0 = Release|x86
		{5D73BB08-5043-4747-87D7-FF44296F8C28}.AppStore|x86.Deploy.0 = Release|x86
		{5D73BB08-5043-4747-87D7-FF44296F8C28}.Debug|Any CPU.ActiveCfg = Debug|Any CPU
		{5D73BB08-5043-4747-87D7-FF44296F8C28}.Debug|Any CPU.Build.0 = Debug|Any CPU
		{5D73BB08-5043-4747-87D7-FF44296F8C28}.Debug|Any CPU.Deploy.0 = Debug|Any CPU
		{5D73BB08-5043-4747-87D7-FF44296F8C28}.Debug|ARM.ActiveCfg = Debug|ARM
		{5D73BB08-5043-4747-87D7-FF44296F8C28}.Debug|ARM.Build.0 = Debug|ARM
		{5D73BB08-5043-4747-87D7-FF44296F8C28}.Debug|ARM.Deploy.0 = Debug|ARM
		{5D73BB08-5043-4747-87D7-FF44296F8C28}.Debug|iPhone.ActiveCfg = Debug|Any CPU
		{5D73BB08-5043-4747-87D7-FF44296F8C28}.Debug|iPhone.Build.0 = Debug|Any CPU
		{5D73BB08-5043-4747-87D7-FF44296F8C28}.Debug|iPhone.Deploy.0 = Debug|Any CPU
		{5D73BB08-5043-4747-87D7-FF44296F8C28}.Debug|iPhoneSimulator.ActiveCfg = Debug|Any CPU
		{5D73BB08-5043-4747-87D7-FF44296F8C28}.Debug|iPhoneSimulator.Build.0 = Debug|Any CPU
		{5D73BB08-5043-4747-87D7-FF44296F8C28}.Debug|iPhoneSimulator.Deploy.0 = Debug|Any CPU
		{5D73BB08-5043-4747-87D7-FF44296F8C28}.Debug|x86.ActiveCfg = Debug|x86
		{5D73BB08-5043-4747-87D7-FF44296F8C28}.Debug|x86.Build.0 = Debug|x86
		{5D73BB08-5043-4747-87D7-FF44296F8C28}.Debug|x86.Deploy.0 = Debug|x86
		{5D73BB08-5043-4747-87D7-FF44296F8C28}.Release|Any CPU.ActiveCfg = Release|Any CPU
		{5D73BB08-5043-4747-87D7-FF44296F8C28}.Release|Any CPU.Build.0 = Release|Any CPU
		{5D73BB08-5043-4747-87D7-FF44296F8C28}.Release|Any CPU.Deploy.0 = Release|Any CPU
		{5D73BB08-5043-4747-87D7-FF44296F8C28}.Release|ARM.ActiveCfg = Release|ARM
		{5D73BB08-5043-4747-87D7-FF44296F8C28}.Release|ARM.Build.0 = Release|ARM
		{5D73BB08-5043-4747-87D7-FF44296F8C28}.Release|ARM.Deploy.0 = Release|ARM
		{5D73BB08-5043-4747-87D7-FF44296F8C28}.Release|iPhone.ActiveCfg = Release|Any CPU
		{5D73BB08-5043-4747-87D7-FF44296F8C28}.Release|iPhone.Build.0 = Release|Any CPU
		{5D73BB08-5043-4747-87D7-FF44296F8C28}.Release|iPhone.Deploy.0 = Release|Any CPU
		{5D73BB08-5043-4747-87D7-FF44296F8C28}.Release|iPhoneSimulator.ActiveCfg = Release|Any CPU
		{5D73BB08-5043-4747-87D7-FF44296F8C28}.Release|iPhoneSimulator.Build.0 = Release|Any CPU
		{5D73BB08-5043-4747-87D7-FF44296F8C28}.Release|iPhoneSimulator.Deploy.0 = Release|Any CPU
		{5D73BB08-5043-4747-87D7-FF44296F8C28}.Release|x86.ActiveCfg = Release|x86
		{5D73BB08-5043-4747-87D7-FF44296F8C28}.Release|x86.Build.0 = Release|x86
		{5D73BB08-5043-4747-87D7-FF44296F8C28}.Release|x86.Deploy.0 = Release|x86
		{17D128C7-C813-4FE5-BC0E-B1F6CBB4969F}.AppStore|Any CPU.ActiveCfg = Release|Any CPU
		{17D128C7-C813-4FE5-BC0E-B1F6CBB4969F}.AppStore|Any CPU.Build.0 = Release|Any CPU
		{17D128C7-C813-4FE5-BC0E-B1F6CBB4969F}.AppStore|ARM.ActiveCfg = Release|Any CPU
		{17D128C7-C813-4FE5-BC0E-B1F6CBB4969F}.AppStore|ARM.Build.0 = Release|Any CPU
		{17D128C7-C813-4FE5-BC0E-B1F6CBB4969F}.AppStore|iPhone.ActiveCfg = Release|Any CPU
		{17D128C7-C813-4FE5-BC0E-B1F6CBB4969F}.AppStore|iPhone.Build.0 = Release|Any CPU
		{17D128C7-C813-4FE5-BC0E-B1F6CBB4969F}.AppStore|iPhoneSimulator.ActiveCfg = Release|Any CPU
		{17D128C7-C813-4FE5-BC0E-B1F6CBB4969F}.AppStore|iPhoneSimulator.Build.0 = Release|Any CPU
		{17D128C7-C813-4FE5-BC0E-B1F6CBB4969F}.AppStore|x86.ActiveCfg = Release|Any CPU
		{17D128C7-C813-4FE5-BC0E-B1F6CBB4969F}.AppStore|x86.Build.0 = Release|Any CPU
		{17D128C7-C813-4FE5-BC0E-B1F6CBB4969F}.Debug|Any CPU.ActiveCfg = Debug|Any CPU
		{17D128C7-C813-4FE5-BC0E-B1F6CBB4969F}.Debug|Any CPU.Build.0 = Debug|Any CPU
		{17D128C7-C813-4FE5-BC0E-B1F6CBB4969F}.Debug|ARM.ActiveCfg = Debug|Any CPU
		{17D128C7-C813-4FE5-BC0E-B1F6CBB4969F}.Debug|ARM.Build.0 = Debug|Any CPU
		{17D128C7-C813-4FE5-BC0E-B1F6CBB4969F}.Debug|iPhone.ActiveCfg = Debug|Any CPU
		{17D128C7-C813-4FE5-BC0E-B1F6CBB4969F}.Debug|iPhone.Build.0 = Debug|Any CPU
		{17D128C7-C813-4FE5-BC0E-B1F6CBB4969F}.Debug|iPhoneSimulator.ActiveCfg = Debug|Any CPU
		{17D128C7-C813-4FE5-BC0E-B1F6CBB4969F}.Debug|iPhoneSimulator.Build.0 = Debug|Any CPU
		{17D128C7-C813-4FE5-BC0E-B1F6CBB4969F}.Debug|x86.ActiveCfg = Debug|Any CPU
		{17D128C7-C813-4FE5-BC0E-B1F6CBB4969F}.Debug|x86.Build.0 = Debug|Any CPU
		{17D128C7-C813-4FE5-BC0E-B1F6CBB4969F}.Release|Any CPU.ActiveCfg = Release|Any CPU
		{17D128C7-C813-4FE5-BC0E-B1F6CBB4969F}.Release|Any CPU.Build.0 = Release|Any CPU
		{17D128C7-C813-4FE5-BC0E-B1F6CBB4969F}.Release|ARM.ActiveCfg = Release|Any CPU
		{17D128C7-C813-4FE5-BC0E-B1F6CBB4969F}.Release|ARM.Build.0 = Release|Any CPU
		{17D128C7-C813-4FE5-BC0E-B1F6CBB4969F}.Release|iPhone.ActiveCfg = Release|Any CPU
		{17D128C7-C813-4FE5-BC0E-B1F6CBB4969F}.Release|iPhone.Build.0 = Release|Any CPU
		{17D128C7-C813-4FE5-BC0E-B1F6CBB4969F}.Release|iPhoneSimulator.ActiveCfg = Release|Any CPU
		{17D128C7-C813-4FE5-BC0E-B1F6CBB4969F}.Release|iPhoneSimulator.Build.0 = Release|Any CPU
		{17D128C7-C813-4FE5-BC0E-B1F6CBB4969F}.Release|x86.ActiveCfg = Release|Any CPU
		{17D128C7-C813-4FE5-BC0E-B1F6CBB4969F}.Release|x86.Build.0 = Release|Any CPU
		{24C0E7E9-46E1-4633-9412-A83E578539D5}.AppStore|Any CPU.ActiveCfg = Release|Any CPU
		{24C0E7E9-46E1-4633-9412-A83E578539D5}.AppStore|Any CPU.Build.0 = Release|Any CPU
		{24C0E7E9-46E1-4633-9412-A83E578539D5}.AppStore|ARM.ActiveCfg = Release|Any CPU
		{24C0E7E9-46E1-4633-9412-A83E578539D5}.AppStore|ARM.Build.0 = Release|Any CPU
		{24C0E7E9-46E1-4633-9412-A83E578539D5}.AppStore|iPhone.ActiveCfg = Release|Any CPU
		{24C0E7E9-46E1-4633-9412-A83E578539D5}.AppStore|iPhone.Build.0 = Release|Any CPU
		{24C0E7E9-46E1-4633-9412-A83E578539D5}.AppStore|iPhoneSimulator.ActiveCfg = Release|Any CPU
		{24C0E7E9-46E1-4633-9412-A83E578539D5}.AppStore|iPhoneSimulator.Build.0 = Release|Any CPU
		{24C0E7E9-46E1-4633-9412-A83E578539D5}.AppStore|x86.ActiveCfg = Release|Any CPU
		{24C0E7E9-46E1-4633-9412-A83E578539D5}.AppStore|x86.Build.0 = Release|Any CPU
		{24C0E7E9-46E1-4633-9412-A83E578539D5}.Debug|Any CPU.ActiveCfg = Debug|Any CPU
		{24C0E7E9-46E1-4633-9412-A83E578539D5}.Debug|Any CPU.Build.0 = Debug|Any CPU
		{24C0E7E9-46E1-4633-9412-A83E578539D5}.Debug|ARM.ActiveCfg = Debug|Any CPU
		{24C0E7E9-46E1-4633-9412-A83E578539D5}.Debug|ARM.Build.0 = Debug|Any CPU
		{24C0E7E9-46E1-4633-9412-A83E578539D5}.Debug|iPhone.ActiveCfg = Debug|Any CPU
		{24C0E7E9-46E1-4633-9412-A83E578539D5}.Debug|iPhone.Build.0 = Debug|Any CPU
		{24C0E7E9-46E1-4633-9412-A83E578539D5}.Debug|iPhoneSimulator.ActiveCfg = Debug|Any CPU
		{24C0E7E9-46E1-4633-9412-A83E578539D5}.Debug|iPhoneSimulator.Build.0 = Debug|Any CPU
		{24C0E7E9-46E1-4633-9412-A83E578539D5}.Debug|x86.ActiveCfg = Debug|Any CPU
		{24C0E7E9-46E1-4633-9412-A83E578539D5}.Debug|x86.Build.0 = Debug|Any CPU
		{24C0E7E9-46E1-4633-9412-A83E578539D5}.Release|Any CPU.ActiveCfg = Release|Any CPU
		{24C0E7E9-46E1-4633-9412-A83E578539D5}.Release|Any CPU.Build.0 = Release|Any CPU
		{24C0E7E9-46E1-4633-9412-A83E578539D5}.Release|ARM.ActiveCfg = Release|Any CPU
		{24C0E7E9-46E1-4633-9412-A83E578539D5}.Release|ARM.Build.0 = Release|Any CPU
		{24C0E7E9-46E1-4633-9412-A83E578539D5}.Release|iPhone.ActiveCfg = Release|Any CPU
		{24C0E7E9-46E1-4633-9412-A83E578539D5}.Release|iPhone.Build.0 = Release|Any CPU
		{24C0E7E9-46E1-4633-9412-A83E578539D5}.Release|iPhoneSimulator.ActiveCfg = Release|Any CPU
		{24C0E7E9-46E1-4633-9412-A83E578539D5}.Release|iPhoneSimulator.Build.0 = Release|Any CPU
		{24C0E7E9-46E1-4633-9412-A83E578539D5}.Release|x86.ActiveCfg = Release|Any CPU
		{24C0E7E9-46E1-4633-9412-A83E578539D5}.Release|x86.Build.0 = Release|Any CPU
	EndGlobalSection
	GlobalSection(SolutionProperties) = preSolution
		HideSolutionNode = FALSE
	EndGlobalSection
EndGlobal
